
Microsoft Visual Studio Solution File, Format Version 12.00
Project("{FAE04EC0-301F-11D3-BF4B-00C04F79EFBC}") = "Finament.Infrastructure", "Finament.Infrastructure\Finament.Infrastructure.csproj", "{008A06BD-47CE-4640-A6AA-1B95B33E8399}"
EndProject
Project("{FAE04EC0-301F-11D3-BF4B-00C04F79EFBC}") = "Finament.Api", "Finament.Api\Finament.Api.csproj", "{60707398-C7ED-4BBF-92CE-EFF96FF6B883}"
EndProject
Project("{FAE04EC0-301F-11D3-BF4B-00C04F79EFBC}") = "Finament.Domain", "Finament.Domain\Finament.Domain.csproj", "{595B7A8A-3279-4562-A03D-E8771E282108}"
EndProject
Project("{FAE04EC0-301F-11D3-BF4B-00C04F79EFBC}") = "Finament.Application", "Finament.Application\Finament.Application.csproj", "{AFAC4414-E7D5-4A62-ACB8-20D08F575586}"
EndProject
Global
	GlobalSection(SolutionConfigurationPlatforms) = preSolution
		Debug|Any CPU = Debug|Any CPU
		Release|Any CPU = Release|Any CPU
	EndGlobalSection
	GlobalSection(ProjectConfigurationPlatforms) = postSolution
		{008A06BD-47CE-4640-A6AA-1B95B33E8399}.Debug|Any CPU.ActiveCfg = Debug|Any CPU
		{008A06BD-47CE-4640-A6AA-1B95B33E8399}.Debug|Any CPU.Build.0 = Debug|Any CPU
		{008A06BD-47CE-4640-A6AA-1B95B33E8399}.Release|Any CPU.ActiveCfg = Release|Any CPU
		{008A06BD-47CE-4640-A6AA-1B95B33E8399}.Release|Any CPU.Build.0 = Release|Any CPU
		{60707398-C7ED-4BBF-92CE-EFF96FF6B883}.Debug|Any CPU.ActiveCfg = Debug|Any CPU
		{60707398-C7ED-4BBF-92CE-EFF96FF6B883}.Debug|Any CPU.Build.0 = Debug|Any CPU
		{60707398-C7ED-4BBF-92CE-EFF96FF6B883}.Release|Any CPU.ActiveCfg = Release|Any CPU
		{60707398-C7ED-4BBF-92CE-EFF96FF6B883}.Release|Any CPU.Build.0 = Release|Any CPU
		{595B7A8A-3279-4562-A03D-E8771E282108}.Debug|Any CPU.ActiveCfg = Debug|Any CPU
		{595B7A8A-3279-4562-A03D-E8771E282108}.Debug|Any CPU.Build.0 = Debug|Any CPU
		{595B7A8A-3279-4562-A03D-E8771E282108}.Release|Any CPU.ActiveCfg = Release|Any CPU
		{595B7A8A-3279-4562-A03D-E8771E282108}.Release|Any CPU.Build.0 = Release|Any CPU
		{AFAC4414-E7D5-4A62-ACB8-20D08F575586}.Debug|Any CPU.ActiveCfg = Debug|Any CPU
		{AFAC4414-E7D5-4A62-ACB8-20D08F575586}.Debug|Any CPU.Build.0 = Debug|Any CPU
		{AFAC4414-E7D5-4A62-ACB8-20D08F575586}.Release|Any CPU.ActiveCfg = Release|Any CPU
		{AFAC4414-E7D5-4A62-ACB8-20D08F575586}.Release|Any CPU.Build.0 = Release|Any CPU
	EndGlobalSection
EndGlobal
